
Microsoft Visual Studio Solution File, Format Version 12.00
# Visual Studio Version 16
VisualStudioVersion = 25.0.1706.14
MinimumVisualStudioVersion = 10.0.40219.1
Project("{FAE04EC0-301F-11D3-BF4B-00C04F79EFBC}") = "BulkyBookWeb", "BulkyBookWeb\BulkyBookWeb.csproj", "{746B5C7B-795B-4FD6-BD62-6AECB4B3E91F}"
EndProject
Global
	GlobalSection(SolutionConfigurationPlatforms) = preSolution
		Debug|Any CPU = Debug|Any CPU
		Release|Any CPU = Release|Any CPU
	EndGlobalSection
	GlobalSection(ProjectConfigurationPlatforms) = postSolution
		{746B5C7B-795B-4FD6-BD62-6AECB4B3E91F}.Debug|Any CPU.ActiveCfg = Debug|Any CPU
		{746B5C7B-795B-4FD6-BD62-6AECB4B3E91F}.Debug|Any CPU.Build.0 = Debug|Any CPU
		{746B5C7B-795B-4FD6-BD62-6AECB4B3E91F}.Release|Any CPU.ActiveCfg = Release|Any CPU
		{746B5C7B-795B-4FD6-BD62-6AECB4B3E91F}.Release|Any CPU.Build.0 = Release|Any CPU
	EndGlobalSection
	GlobalSection(SolutionProperties) = preSolution
		HideSolutionNode = FALSE
	EndGlobalSection
	GlobalSection(ExtensibilityGlobals) = postSolution
		SolutionGuid = {1F5081CA-8CEF-4DE7-817F-4B09CE4CAC5C}
	EndGlobalSection
EndGlobal
